
Microsoft Visual Studio Solution File, Format Version 12.00
# Visual Studio Version 16
VisualStudioVersion = 16.0.29025.244
MinimumVisualStudioVersion = 10.0.40219.1
Project("{9A19103F-16F7-4668-BE54-9A1E7A4F7556}") = "MonteCarloMethod", "MonteCarloMethod.csproj", "{201F8437-A1DE-413F-8B34-835F7D99004C}"
EndProject
Global
	GlobalSection(SolutionConfigurationPlatforms) = preSolution
		Debug|Any CPU = Debug|Any CPU
		Release|Any CPU = Release|Any CPU
	EndGlobalSection
	GlobalSection(ProjectConfigurationPlatforms) = postSolution
		{201F8437-A1DE-413F-8B34-835F7D99004C}.Debug|Any CPU.ActiveCfg = Debug|Any CPU
		{201F8437-A1DE-413F-8B34-835F7D99004C}.Debug|Any CPU.Build.0 = Debug|Any CPU
		{201F8437-A1DE-413F-8B34-835F7D99004C}.Release|Any CPU.ActiveCfg = Release|Any CPU
		{201F8437-A1DE-413F-8B34-835F7D99004C}.Release|Any CPU.Build.0 = Release|Any CPU
	EndGlobalSection
	GlobalSection(SolutionProperties) = preSolution
		HideSolutionNode = FALSE
	EndGlobalSection
	GlobalSection(ExtensibilityGlobals) = postSolution
		SolutionGuid = {86C8344D-6C9A-4ACA-864C-806E24D915B6}
	EndGlobalSection
EndGlobal
